version = 1
revision = 3
requires-python = ">=3.12"

[[package]]
name = "colorama"
version = "0.4.6"
source = { registry = "https://pypi.org/simple" }
sdist = { url = "https://files.pythonhosted.org/packages/d8/53/6f443c9a4a8358a93a6792e2acffb9d9d5cb0a5cfd8802644b7b1c9a02e4/colorama-0.4.6.tar.gz", hash = "sha256:08695f5cb7ed6e0531a20572697297273c47b8cae5a63ffc6d6ed5c201be6e44", size = 27697, upload-time = "2022-10-25T02:36:22.414Z" }
wheels = [
    { url = "https://files.pythonhosted.org/packages/d1/d6/3965ed04c63042e047cb6a3e6ed1a63a35087b6a609aa3a15ed8ac56c221/colorama-0.4.6-py2.py3-none-any.whl", hash = "sha256:4f1d9991f5acc0ca119f9d443620b77f9d6b33703e51011c16baf57afb285fc6", size = 25335, upload-time = "2022-10-25T02:36:20.889Z" },
]

[[package]]
name = "coloredlogs"
version = "15.0.1"
source = { registry = "https://pypi.org/simple" }
dependencies = [
    { name = "humanfriendly" },
]
sdist = { url = "https://files.pythonhosted.org/packages/cc/c7/eed8f27100517e8c0e6b923d5f0845d0cb99763da6fdee00478f91db7325/coloredlogs-15.0.1.tar.gz", hash = "sha256:7c991aa71a4577af2f82600d8f8f3a89f936baeaf9b50a9c197da014e5bf16b0", size = 278520, upload-time = "2021-06-11T10:22:45.202Z" }
wheels = [
    { url = "https://files.pythonhosted.org/packages/a7/06/3d6badcf13db419e25b07041d9c7b4a2c331d3f4e7134445ec5df57714cd/coloredlogs-15.0.1-py2.py3-none-any.whl", hash = "sha256:612ee75c546f53e92e70049c9dbfcc18c935a2b9a53b66085ce9ef6a6e5c0934", size = 46018, upload-time = "2021-06-11T10:22:42.561Z" },
]

[[package]]
name = "flatbuffers"
version = "25.12.19"
source = { registry = "https://pypi.org/simple" }
wheels = [
    { url = "https://files.pythonhosted.org/packages/e8/2d/d2a548598be01649e2d46231d151a6c56d10b964d94043a335ae56ea2d92/flatbuffers-25.12.19-py2.py3-none-any.whl", hash = "sha256:7634f50c427838bb021c2d66a3d1168e9d199b0607e6329399f04846d42e20b4", size = 26661, upload-time = "2025-12-19T23:16:13.622Z" },
]

[[package]]
name = "humanfriendly"
version = "10.0"
source = { registry = "https://pypi.org/simple" }
dependencies = [
    { name = "pyreadline3", marker = "sys_platform == 'win32'" },
]
sdist = { url = "https://files.pythonhosted.org/packages/cc/3f/2c29224acb2e2df4d2046e4c73ee2662023c58ff5b113c4c1adac0886c43/humanfriendly-10.0.tar.gz", hash = "sha256:6b0b831ce8f15f7300721aa49829fc4e83921a9a301cc7f606be6686a2288ddc", size = 360702, upload-time = "2021-09-17T21:40:43.31Z" }
wheels = [
    { url = "https://files.pythonhosted.org/packages/f0/0f/310fb31e39e2d734ccaa2c0fb981ee41f7bd5056ce9bc29b2248bd569169/humanfriendly-10.0-py2.py3-none-any.whl", hash = "sha256:1697e1a8a8f550fd43c2865cd84542fc175a61dcb779b6fee18cf6b6ccba1477", size = 86794, upload-time = "2021-09-17T21:40:39.897Z" },
]

[[package]]
name = "iniconfig"
version = "2.3.0"
source = { registry = "https://pypi.org/simple" }
sdist = { url = "https://files.pythonhosted.org/packages/72/34/14ca021ce8e5dfedc35312d08ba8bf51fdd999c576889fc2c24cb97f4f10/iniconfig-2.3.0.tar.gz", hash = "sha256:c76315c77db068650d49c5b56314774a7804df16fee4402c1f19d6d15d8c4730", size = 20503, upload-time = "2025-10-18T21:55:43.219Z" }
wheels = [
    { url = "https://files.pythonhosted.org/packages/cb/b1/3846dd7f199d53cb17f49cba7e651e9ce294d8497c8c150530ed11865bb8/iniconfig-2.3.0-py3-none-any.whl", hash = "sha256:f631c04d2c48c52b84d0d0549c99ff3859c98df65b3101406327ecc7d53fbf12", size = 7484, upload-time = "2025-10-18T21:55:41.639Z" },
]

[[package]]
name = "iree-compiler"
version = "20241104.1068"
source = { registry = "https://pypi.org/simple" }
dependencies = [
    { name = "numpy" },
    { name = "sympy" },
]
wheels = [
    { url = "https://files.pythonhosted.org/packages/d5/86/1bd674964d67effad4d9187afa75814ce8505bb6998b4e1bdaa73a46e355/iree_compiler-20241104.1068-cp312-cp312-macosx_13_0_universal2.whl", hash = "sha256:2077182344235f75b8c7707586f24a3b68d556ccc5771e0926f14819d6115e03", size = 57591226, upload-time = "2024-11-05T23:33:58.704Z" },
    { url = "https://files.pythonhosted.org/packages/28/ee/4e6bbeace037bb449dd539912afcba3ea5a88f2fe9494d74161a200f1532/iree_compiler-20241104.1068-cp312-cp312-manylinux_2_27_aarch64.manylinux_2_28_aarch64.whl", hash = "sha256:87f49105a10825a68055226e7e3fbf313590d766ad208ab70d35f6ab79044775", size = 71931372, upload-time = "2024-11-05T23:34:04.302Z" },
    { url = "https://files.pythonhosted.org/packages/3b/6e/87756b7be8b2235c398283589e7591f917b8df4c5cef1d660ea43d15ec85/iree_compiler-20241104.1068-cp312-cp312-manylinux_2_27_x86_64.manylinux_2_28_x86_64.whl", hash = "sha256:39eb1c01a208399c844ac961ef52aeb6be780db4f87fac59ceeb59b8d8c68719", size = 70763482, upload-time = "2024-11-05T23:34:10.82Z" },
    { url = "https://files.pythonhosted.org/packages/0f/c5/ccb4a5355c3231d2d9d55740b4024cf6b1f3a1155a1a5268db0425c59ca3/iree_compiler-20241104.1068-cp312-cp312-win_amd64.whl", hash = "sha256:2e7e88b4e63caf529c0ad4f1e55cfd7624e0ac0bf4034cd7e0f935f23251073c", size = 49804740, upload-time = "2024-11-05T23:34:15.776Z" },
    { url = "https://files.pythonhosted.org/packages/27/96/1b982d87add6118ac4afb09790fc020000818636c675d31ea6cef2484b63/iree_compiler-20241104.1068-cp313-cp313-macosx_13_0_universal2.whl", hash = "sha256:ec522b9abf8b8375f6d36c71025dd93e53d033571125476ee4495bcf1a79c355", size = 57592644, upload-time = "2024-11-05T23:34:21.128Z" },
    { url = "https://files.pythonhosted.org/packages/1a/e9/3d07d305f38655bd8b15fba78f7e517bd61c0d80c880c62b1a0205e8c152/iree_compiler-20241104.1068-cp313-cp313-manylinux_2_27_aarch64.manylinux_2_28_aarch64.whl", hash = "sha256:e681d701bf8742f7eff15e3ecae7cffd15f07c67d50d0a76aa0f9e47ef5a5259", size = 71931292, upload-time = "2024-11-05T23:34:26.486Z" },
    { url = "https://files.pythonhosted.org/packages/2b/00/49e9ab9be2d34aebc8126642bdad101508010cfc16397ba5d61be4ddaf02/iree_compiler-20241104.1068-cp313-cp313-manylinux_2_27_x86_64.manylinux_2_28_x86_64.whl", hash = "sha256:77cec392929afb4cbfb5cb58e9f0a6f65767d97a4a3a0939ee7f537a514b3dea", size = 70763956, upload-time = "2024-11-05T23:34:33.671Z" },
    { url = "https://files.pythonhosted.org/packages/18/41/137e323b7bc74974d147ebb76c2b959871db666a5f2063f711286af7a456/iree_compiler-20241104.1068-cp313-cp313-win_amd64.whl", hash = "sha256:9ee4298a94fa92bb1a9a7546a94be71dd49c81b16e0f38f8f1a8ccd74f8b014b", size = 49804757, upload-time = "2024-11-05T23:34:53.497Z" },
    { url = "https://files.pythonhosted.org/packages/ff/bf/4055a81bb98c42dc4e96b01a37d48b8666278b75820e3876f4ba8bfe3d9a/iree_compiler-20241104.1068-cp313-cp313t-manylinux_2_27_aarch64.manylinux_2_28_aarch64.whl", hash = "sha256:bb3cd1253976408dc8382be403a95f8158fb419edeb6c54d54003def57a83a41", size = 72069014, upload-time = "2024-11-05T23:34:41.671Z" },
    { url = "https://files.pythonhosted.org/packages/aa/06/cc8197584f8d926eb9479297929dcf343504829a03640e449b7e337497ea/iree_compiler-20241104.1068-cp313-cp313t-manylinux_2_27_x86_64.manylinux_2_28_x86_64.whl", hash = "sha256:83e40093462c3c7047ebfa134c0a2130b2adbaa0325778515f5009335eea0dd1", size = 70878973, upload-time = "2024-11-05T23:34:47.66Z" },
]

[[package]]
name = "iree-runtime"
version = "20241104.1068"
source = { registry = "https://pypi.org/simple" }
dependencies = [
    { name = "numpy" },
]
wheels = [
    { url = "https://files.pythonhosted.org/packages/21/e4/aebf18d31aa0a9c820371a97bdd3f9834f780ab5aeeebcad751139555acf/iree_runtime-20241104.1068-cp312-cp312-macosx_13_0_universal2.whl", hash = "sha256:4a0c52dfe2443bdc47c2990d55423579d9cd9e0da7d0df50c685d6b8b474c3ee", size = 3812435, upload-time = "2024-11-05T23:43:46.595Z" },
    { url = "https://files.pythonhosted.org/packages/92/ec/4eab1dd626d2e7e48c424c31678196a622d0374b0f718091e809464ee75f/iree_runtime-20241104.1068-cp312-cp312-manylinux_2_28_aarch64.whl", hash = "sha256:488efb65428d0525bfec628380c49662cd27a7a3f2fb510e9b0f50fa0058fa47", size = 7940985, upload-time = "2024-11-05T23:43:49.128Z" },
    { url = "https://files.pythonhosted.org/packages/33/1e/f55daece2adafb20c3ae23ba6a78cf582a7aa1b1ff468d3c4e4d92fcd899/iree_runtime-20241104.1068-cp312-cp312-manylinux_2_28_x86_64.whl", hash = "sha256:38a052b97c81a71c6c5c7a82e8395d0537bd88cbf0e2847575512464a7f04f8c", size = 8041669, upload-time = "2024-11-05T23:43:51.498Z" },
    { url = "https://files.pythonhosted.org/packages/d3/7c/17976da37bd02e508e6f8062a6eb5396f2d69f80346ced04ef213b7d9a56/iree_runtime-20241104.1068-cp312-cp312-win_amd64.whl", hash = "sha256:8f1b288773a63ef0289ab492396cc12399e1fcd6e5c6841547a4f6f658143c50", size = 5283903, upload-time = "2024-11-05T23:43:53.861Z" },
    { url = "https://files.pythonhosted.org/packages/39/23/7d26c7bf70ed6c5d39450e27e466eb6bb0f99c8d1d63b87df49cca845377/iree_runtime-20241104.1068-cp313-cp313-macosx_13_0_universal2.whl", hash = "sha256:820a4c881589caefea0eff331f6171b17a15cfda400214cdc79d911d1c9fe9b4", size = 3812405, upload-time = "2024-11-05T23:43:56.173Z" },
    { url = "https://files.pythonhosted.org/packages/f8/5f/264a0b3cd5a789c87c5308b9ac6898cb5c1d5bd3d9fb057b58a22c5d5ed7/iree_runtime-20241104.1068-cp313-cp313-manylinux_2_28_aarch64.whl", hash = "sha256:849a41f3141443857fb6858c855a5f48e7bd2f9979b44c6666cebe08686c239f", size = 7940909, upload-time = "2024-11-05T23:43:59.153Z" },
    { url = "https://files.pythonhosted.org/packages/d7/10/73323398958da41e7d1e9d00c40c8c93041ede54c4118a5c54980a8abafe/iree_runtime-20241104.1068-cp313-cp313-manylinux_2_28_x86_64.whl", hash = "sha256:ed59ae027d860fd924493772f0fe8f63b794b121fe487d4bf9652a66486fdbbb", size = 8041592, upload-time = "2024-11-05T23:44:01.941Z" },
    { url = "https://files.pythonhosted.org/packages/95/32/1ad033240ee2f6d214c77aee4588c11ebc46d6d09af5cf003bb561e904b7/iree_runtime-20241104.1068-cp313-cp313-win_amd64.whl", hash = "sha256:1d51e504b7afa980d3784e7e52df99166d438177bf55b7558a962ae73eb96c2e", size = 5283963, upload-time = "2024-11-05T23:44:10.216Z" },
    { url = "https://files.pythonhosted.org/packages/3c/b9/945f157d9d8fe45e33d90e39a9c6b04b6ee38f465d0677911dbb72f5963a/iree_runtime-20241104.1068-cp313-cp313t-manylinux_2_28_aarch64.whl", hash = "sha256:ababebdca6044f336bc3ce76f9e709c8cacf9e6b538e62d35c93cfce7967eb6b", size = 7959429, upload-time = "2024-11-05T23:44:04.611Z" },
    { url = "https://files.pythonhosted.org/packages/e5/08/f9fbb1a7b1defece46a7b1704ad1b6b18fb1d118a470fb30cd0866a2a001/iree_runtime-20241104.1068-cp313-cp313t-manylinux_2_28_x86_64.whl", hash = "sha256:0a61714ed4ed2b18e37b618596b9a05fcb2f8f2897a37dc2e4d09a3073833dfe", size = 8053995, upload-time = "2024-11-05T23:44:07.259Z" },
]

[[package]]
name = "mlir-encoder-multiversioner"
version = "0.1.0"
source = { virtual = "." }

[package.dev-dependencies]
bench = [
    { name = "iree-compiler" },
    { name = "iree-runtime" },
    { name = "numpy" },
]
dev = [
    { name = "pytest" },
    { name = "ruff" },
]
e5 = [
    { name = "iree-compiler" },
    { name = "iree-runtime" },
    { name = "onnx" },
    { name = "onnxruntime" },
]
numerical = [
    { name = "numpy" },
]

[package.metadata]

[package.metadata.requires-dev]
bench = [
    { name = "iree-compiler", specifier = "==20241104.1068" },
    { name = "iree-runtime", specifier = "==20241104.1068" },
    { name = "numpy", specifier = ">=2.5.0" },
]
dev = [
    { name = "pytest", specifier = ">=9.1.1" },
    { name = "ruff", specifier = ">=0.15.20" },
]
e5 = [
    { name = "iree-compiler", specifier = "==20241104.1068" },
    { name = "iree-runtime", specifier = "==20241104.1068" },
    { name = "onnx", specifier = "==1.17.0" },
    { name = "onnxruntime", specifier = "==1.20.1" },
]
numerical = [{ name = "numpy", specifier = ">=2.5.0" }]

[[package]]
name = "mpmath"
version = "1.3.0"
source = { registry = "https://pypi.org/simple" }
sdist = { url = "https://files.pythonhosted.org/packages/e0/47/dd32fa426cc72114383ac549964eecb20ecfd886d1e5ccf5340b55b02f57/mpmath-1.3.0.tar.gz", hash = "sha256:7a28eb2a9774d00c7bc92411c19a89209d5da7c4c9a9e227be8330a23a25b91f", size = 508106, upload-time = "2023-03-07T16:47:11.061Z" }
wheels = [
    { url = "https://files.pythonhosted.org/packages/43/e3/7d92a15f894aa0c9c4b49b8ee9ac9850d6e63b03c9c32c0367a13ae62209/mpmath-1.3.0-py3-none-any.whl", hash = "sha256:a0b2b9fe80bbcd81a6647ff13108738cfb482d481d826cc0e02f5b35e5c88d2c", size = 536198, upload-time = "2023-03-07T16:47:09.197Z" },
]

[[package]]
name = "numpy"
version = "2.5.0"
source = { registry = "https://pypi.org/simple" }
sdist = { url = "https://files.pythonhosted.org/packages/e7/05/3d27272d30698dc0ecb7fdfaa41ad70303b444f81722bb99bce1d818638a/numpy-2.5.0.tar.gz", hash = "sha256:5a129578019311b6e56bdd714250f19b518f7dceeeb8d1af5490f4942d3f891c", size = 20652461, upload-time = "2026-06-21T20:57:51.95Z" }
wheels = [
    { url = "https://files.pythonhosted.org/packages/fa/0a/11486d02add7b1384dff7374d124b1cfbb0ee864dcc9f6a2c0380638cf84/numpy-2.5.0-cp312-cp312-macosx_10_13_x86_64.whl", hash = "sha256:489780423903667933b4ed6197b6ec3b75ea5dd17d1d8f0f38d798feb6921561", size = 16789987, upload-time = "2026-06-21T20:56:16.657Z" },
    { url = "https://files.pythonhosted.org/packages/55/b2/285f48640a181947b4587a3766d21ec1eaa7fea833d4b49957e09da467a2/numpy-2.5.0-cp312-cp312-macosx_11_0_arm64.whl", hash = "sha256:ece55976ced6bca95a03ae2839e2e5ccffe8eb6a3e7022415645eb154a81e4e6", size = 11760322, upload-time = "2026-06-21T20:56:19.813Z" },
    { url = "https://files.pythonhosted.org/packages/dd/67/b032db1eb03ca30d16eda3b0c22aaa615338b9263c2fd559d0f29451aca4/numpy-2.5.0-cp312-cp312-macosx_14_0_arm64.whl", hash = "sha256:c83b664b0e6eee9594fa920cf0639d8af796606d3fad6cc70180c87e4b97c7be", size = 5319605, upload-time = "2026-06-21T20:56:22.173Z" },
    { url = "https://files.pythonhosted.org/packages/b9/83/03fc7300c7c6b6c84c487b1dc80d322817b95fbd1f4dd57a85e23b7198de/numpy-2.5.0-cp312-cp312-macosx_14_0_x86_64.whl", hash = "sha256:bf80333980bf37f523341ddd72c783f39d6829ec7736b9eb99086388a2d52cc2", size = 6653628, upload-time = "2026-06-21T20:56:23.914Z" },
    { url = "https://files.pythonhosted.org/packages/82/49/2ec21730bc63ccfda829323f7040a8ed4715b3852ce658689cf74ee96a8c/numpy-2.5.0-cp312-cp312-manylinux_2_27_aarch64.manylinux_2_28_aarch64.whl", hash = "sha256:a1a4874217b36d5ac8fc876f52e39df56f8182c88463e9e2dceabf7ca8b7efb8", size = 15153691, upload-time = "2026-06-21T20:56:25.631Z" },
    { url = "https://files.pythonhosted.org/packages/bb/6b/f4a3d0637692c49da8ef99d72d52526f92e0a8d6ac4f0ca9f31441b9d9ea/numpy-2.5.0-cp312-cp312-manylinux_2_27_x86_64.manylinux_2_28_x86_64.whl", hash = "sha256:aaa760137137e8d3c920d27927748215b56014f92667dc9b6c27dfc61249255a", size = 16660066, upload-time = "2026-06-21T20:56:28.009Z" },
    { url = "https://files.pythonhosted.org/packages/3a/2f/c354ec86d1f3f5c19649463b0d39652e160736e5b0a4cd18dff0576715c4/numpy-2.5.0-cp312-cp312-musllinux_1_2_aarch64.whl", hash = "sha256:7174ce8265fc7f7417d171c9ea8fe905220748893ea67a2a7abe726ec331c4b0", size = 16514638, upload-time = "2026-06-21T20:56:30.26Z" },
    { url = "https://files.pythonhosted.org/packages/06/34/43efdcb319988648580f93c11f1ae82cf7e2faa74925e98e454ae3aa95f8/numpy-2.5.0-cp312-cp312-musllinux_1_2_x86_64.whl", hash = "sha256:b8c3daaf99de52415d20b42f8e8155c78642cb04207d02f9d317a0dcf1b3fb54", size = 18419647, upload-time = "2026-06-21T20:56:32.41Z" },
    { url = "https://files.pythonhosted.org/packages/71/e2/f5d1676b1d7fb682eb5e9a1641e7ebd2414b3216c370661d1029778908b4/numpy-2.5.0-cp312-cp312-win32.whl", hash = "sha256:6206db0af545d73d068add6d992279145f158428d1da6cc49adc4b630c5d6ee5", size = 6056688, upload-time = "2026-06-21T20:56:34.657Z" },
    { url = "https://files.pythonhosted.org/packages/8f/7c/48f115d1c58a34032facebcd51fdf2d02df2c51d4a46a81dd1197bb2ea6b/numpy-2.5.0-cp312-cp312-win_amd64.whl", hash = "sha256:6f2d6873e2940c860a309d21e25b1e69af6aaffdd80aa056b04c16380db1c4f2", size = 12419237, upload-time = "2026-06-21T20:56:36.24Z" },
    { url = "https://files.pythonhosted.org/packages/86/26/2e0882f4044d1b1a1b63e875151fb2393389032022a8b7f5657a7996d3b2/numpy-2.5.0-cp312-cp312-win_arm64.whl", hash = "sha256:a55e1eb2bca2cfd17a16b213c99dfc8502d47b0d494224d2122277d0400935ca", size = 10339912, upload-time = "2026-06-21T20:56:38.733Z" },
    { url = "https://files.pythonhosted.org/packages/8a/33/07675aaad7f26ea013d5e884d9a0d784b79c6bd7566c333f5a52fa3c610b/numpy-2.5.0-cp313-cp313-macosx_10_13_x86_64.whl", hash = "sha256:520e6b8be0a4b65840ac8090d4f51cef4bed66e2b0894d5a520f099adc24a9b2", size = 16784890, upload-time = "2026-06-21T20:56:40.799Z" },
    { url = "https://files.pythonhosted.org/packages/85/4b/953118a730ee3b35e28645e0eb4cf9beec5bdbb954e1ac2f5fcefba6bbc3/numpy-2.5.0-cp313-cp313-macosx_11_0_arm64.whl", hash = "sha256:146b81cdd3967fdb6beca8ba25f00c58741d8f3cbd797f55af0fbe0bfec3469c", size = 11754584, upload-time = "2026-06-21T20:56:43.094Z" },
    { url = "https://files.pythonhosted.org/packages/44/9b/56dd530c367c74ae17411027cea4135ca57e1e0583bf5594cee18bd83217/numpy-2.5.0-cp313-cp313-macosx_14_0_arm64.whl", hash = "sha256:126b88d95e8ff9b00c9e717aa540469f21d6180162f84c0caec51b16215d49cd", size = 5313904, upload-time = "2026-06-21T20:56:45.503Z" },
    { url = "https://files.pythonhosted.org/packages/ce/b0/bcd672edad27ecca7da1f7bb0ce72cd1706a4f2d79ae94990afc97c13e1c/numpy-2.5.0-cp313-cp313-macosx_14_0_x86_64.whl", hash = "sha256:d4313cef1594c5ce46c31b6e54e918338f63f16ee9322304e8c9114d6d81c8bd", size = 6648504, upload-time = "2026-06-21T20:56:47.567Z" },
    { url = "https://files.pythonhosted.org/packages/80/9e/15cdfcbd30a1544a46c9e487a00df331c4672450216538705a9e51fa6710/numpy-2.5.0-cp313-cp313-manylinux_2_27_aarch64.manylinux_2_28_aarch64.whl", hash = "sha256:750fb097caf26fa878746d9d119f6f9da12dedcbff1eea966c3e3447647c4a9e", size = 15150086, upload-time = "2026-06-21T20:56:49.352Z" },
    { url = "https://files.pythonhosted.org/packages/32/4e/8d7656ccaab3e81e97258b8a9bc5f0c8502513a92fb4ceb0a2cbfebc17bf/numpy-2.5.0-cp313-cp313-manylinux_2_27_x86_64.manylinux_2_28_x86_64.whl", hash = "sha256:3893adc2dc7c0412ba76777db55a049215d99c9aa3113003be8f49f4f1290ab9", size = 16647250, upload-time = "2026-06-21T20:56:51.542Z" },
    { url = "https://files.pythonhosted.org/packages/3c/81/97060281b602ed07f21b12f4ec409eac1f75a2f91fbc829ed8b2becf3ad4/numpy-2.5.0-cp313-cp313-musllinux_1_2_aarch64.whl", hash = "sha256:835e454dd99b238cdc5a3f63bce2371296f5ebc53ca1e0f8e6ddbb6d92a29aab", size = 16512864, upload-time = "2026-06-21T20:56:55.401Z" },
    { url = "https://files.pythonhosted.org/packages/33/ab/4496208146911f8d8ddb54f68a972aafa6c8d44babcb2ea03b0e5cc87c9d/numpy-2.5.0-cp313-cp313-musllinux_1_2_x86_64.whl", hash = "sha256:6f9836778081a0a3c02a6a21493f3e9f5b311f8d2541934f31f05583dc999ea4", size = 18408407, upload-time = "2026-06-21T20:56:57.75Z" },
    { url = "https://files.pythonhosted.org/packages/d4/9f/a4df67c181e4ee8b467aa3332dc2db10fd5c515136831302f3ca48bc0a01/numpy-2.5.0-cp313-cp313-win32.whl", hash = "sha256:0b525be4744b60bb0557ac872d53ef07d085b5f39622bc579c98d3809d05b988", size = 6054431, upload-time = "2026-06-21T20:57:00.016Z" },
    { url = "https://files.pythonhosted.org/packages/30/53/491e1c47c55b62ccc6a63c1c5b8635c73fc2258dddeb9bda27cae4a0ae96/numpy-2.5.0-cp313-cp313-win_amd64.whl", hash = "sha256:44353e2878930039db472b99dc353d749826e4010bd4d2a7f835e94a97a5c748", size = 12414420, upload-time = "2026-06-21T20:57:01.815Z" },
    { url = "https://files.pythonhosted.org/packages/eb/4a/25c2906f541e9d9f4c5769764db732e6627be91a13f4724fa10634d77db4/numpy-2.5.0-cp313-cp313-win_arm64.whl", hash = "sha256:48f54b00711f83a5f796b70c518e8c2b3c5848dda03a54911f23eb68519b9b60", size = 10339533, upload-time = "2026-06-21T20:57:03.961Z" },
    { url = "https://files.pythonhosted.org/packages/86/ad/abc44aaceaf7b17ee1edde2bbb4458da591bc79574cffff50c4bb35f00d1/numpy-2.5.0-cp314-cp314-macosx_10_15_x86_64.whl", hash = "sha256:f27582c55ba4c750b7c58c8faf021d2cd9324a662b466229db8a417b41368af9", size = 16783807, upload-time = "2026-06-21T20:57:06.253Z" },
    { url = "https://files.pythonhosted.org/packages/5d/39/b72e168daf9c00fb20c9fc996d00437ccecdef3102387775d29d7a62576d/numpy-2.5.0-cp314-cp314-macosx_11_0_arm64.whl", hash = "sha256:28e7137057d551e4a83c4ae414e3451f50568409db7569aacc7f9811ee06a446", size = 11765215, upload-time = "2026-06-21T20:57:08.547Z" },
    { url = "https://files.pythonhosted.org/packages/f7/a0/8400a9c0e3625182347593f5e1f57da9a617a534794805c8df5518154ddc/numpy-2.5.0-cp314-cp314-macosx_14_0_arm64.whl", hash = "sha256:e1da54b53e75cd9fcfc23efcc7edab2c6aecf97b6037566d8a0fe804af8ec57c", size = 5324493, upload-time = "2026-06-21T20:57:11.012Z" },
    { url = "https://files.pythonhosted.org/packages/f6/8c/0d104deaa0401c93395a629ec902891618a2eff76d19229139cb5a887bfc/numpy-2.5.0-cp314-cp314-macosx_14_0_x86_64.whl", hash = "sha256:694d8f74e156f7fd01179f1aa8faa2f648ab6ae0f70b6c3fe57a03249aea2303", size = 6645211, upload-time = "2026-06-21T20:57:12.919Z" },
    { url = "https://files.pythonhosted.org/packages/6a/d9/4a4a628c812750363786afc3d33492709a5cd64b215469c16b0f6c7bb811/numpy-2.5.0-cp314-cp314-manylinux_2_27_aarch64.manylinux_2_28_aarch64.whl", hash = "sha256:1a7569a7b53c77716f036bb28cb1c91f166a26ec7d9502cd1e4bdfe502fdec22", size = 15166004, upload-time = "2026-06-21T20:57:14.717Z" },
    { url = "https://files.pythonhosted.org/packages/a0/5e/2a902317d7fc4aa93236e80c932662dadfc459b323d758329e01775125e1/numpy-2.5.0-cp314-cp314-manylinux_2_27_x86_64.manylinux_2_28_x86_64.whl", hash = "sha256:39a0433bd4086ebd462960cf375e19195bb07b53dc1d87dd5fcf47ad78576f03", size = 16650797, upload-time = "2026-06-21T20:57:16.906Z" },
    { url = "https://files.pythonhosted.org/packages/e9/a0/a0090e6329f4ca5992c07847bb579c5259a19953dc57255bb08793142ffb/numpy-2.5.0-cp314-cp314-musllinux_1_2_aarch64.whl", hash = "sha256:929f0c79ac38bcbd7154fe631dc907abfeddbcc5027a896bd1f7767323271e7a", size = 16524647, upload-time = "2026-06-21T20:57:19.165Z" },
    { url = "https://files.pythonhosted.org/packages/5e/7d/6caf27734c42b65837e7461ed0dbbd6b6fc835060c9714ec59d673bb383a/numpy-2.5.0-cp314-cp314-musllinux_1_2_x86_64.whl", hash = "sha256:cc4f247a47bbf070bfd70be53ccdcf47b800af563535e7bbe172322197c30e21", size = 18411841, upload-time = "2026-06-21T20:57:21.638Z" },
    { url = "https://files.pythonhosted.org/packages/13/dc/26edadbd812536769a82c2e9e002234e33feb5da43061d47a044f6d309b7/numpy-2.5.0-cp314-cp314-win32.whl", hash = "sha256:5dc71423499fab3f46f7a7201155ade1669ea101f2f429d332df9e72f8161731", size = 6106361, upload-time = "2026-06-21T20:57:23.844Z" },
    { url = "https://files.pythonhosted.org/packages/f2/9e/4dd1459282229a72d92dece2ae9138e5cac94a72263a7ceb48f37434c925/numpy-2.5.0-cp314-cp314-win_amd64.whl", hash = "sha256:ebb81d9d5443e0309d6c54894c3fbed74ad7da0714352a67b6d773cd189eae73", size = 12551749, upload-time = "2026-06-21T20:57:25.945Z" },
    { url = "https://files.pythonhosted.org/packages/05/a7/6bc6384c080b86c7f6c85c5bc5b540b24f4f679cd144791d99574e90d462/numpy-2.5.0-cp314-cp314-win_arm64.whl", hash = "sha256:3b94d0d0deceebfad3e67ae5c0e5eb87371e8f7a0581cd04a779928c2450cf1e", size = 10617072, upload-time = "2026-06-21T20:57:28.175Z" },
    { url = "https://files.pythonhosted.org/packages/86/6b/4a2b71d66ada5608ae02b63f150dfad520f6940721cb7f029ad270befc0e/numpy-2.5.0-cp314-cp314t-macosx_11_0_arm64.whl", hash = "sha256:22f3d43e362d650bc39db1f17851302874a148ca95ba6981c1dfb5fa6862f35b", size = 11881067, upload-time = "2026-06-21T20:57:30.104Z" },
    { url = "https://files.pythonhosted.org/packages/dc/b2/d365eb40a20efb49d67e9feb90494ed8511282ee1f5fa16006675c65397d/numpy-2.5.0-cp314-cp314t-macosx_14_0_arm64.whl", hash = "sha256:243563efb4cd7528a264567e9fd206c87826457322521d06206a00bfa316c927", size = 5440290, upload-time = "2026-06-21T20:57:32.193Z" },
    { url = "https://files.pythonhosted.org/packages/fa/5e/e9c03188de5f9b767e46a8fe988bcfd3efad066a4a3fda8b9cb11a93f895/numpy-2.5.0-cp314-cp314t-macosx_14_0_x86_64.whl", hash = "sha256:84881d825ca75249b189bbee875fcfe3238aa5c479e6100893cda566e8e86826", size = 6748371, upload-time = "2026-06-21T20:57:33.933Z" },
    { url = "https://files.pythonhosted.org/packages/fd/1d/68c186a38a5027bae2c4ddd5ea681fdaf8b4d30fb7301def6d8ad270390f/numpy-2.5.0-cp314-cp314t-manylinux_2_27_aarch64.manylinux_2_28_aarch64.whl", hash = "sha256:cda12aa4779d42b8771180aba759c96f527d43446d8f380ab59e2b35e8489efd", size = 15214643, upload-time = "2026-06-21T20:57:35.677Z" },
    { url = "https://files.pythonhosted.org/packages/8c/67/73f67b7c7e20635baae9c4c3ead4ae7326a005900297a6110971abd62eb5/numpy-2.5.0-cp314-cp314t-manylinux_2_27_x86_64.manylinux_2_28_x86_64.whl", hash = "sha256:1c0121101093d2bd74981b10f8837d78e794a8ff57834eb27179f49e1ba11ac6", size = 16690128, upload-time = "2026-06-21T20:57:38.159Z" },
    { url = "https://files.pythonhosted.org/packages/eb/05/d4c1fb0c46d02a27d6b2b8b319a78c90937acec8631c1641874670b31e6f/numpy-2.5.0-cp314-cp314t-musllinux_1_2_aarch64.whl", hash = "sha256:d371c92cfa09da00022f501ab67fafaea813d752eb30ac44336d45b1e5b0268a", size = 16577902, upload-time = "2026-06-21T20:57:40.447Z" },
    { url = "https://files.pythonhosted.org/packages/9e/1d/771c797d50fa26e4888989cccf1d50ee51f530d4e455ad2692dcb64fa711/numpy-2.5.0-cp314-cp314t-musllinux_1_2_x86_64.whl", hash = "sha256:9990713e9c38154c6861e7547f1e3fc7a87e75ff09bab24ef1cc81d81c2835e9", size = 18452814, upload-time = "2026-06-21T20:57:42.875Z" },
    { url = "https://files.pythonhosted.org/packages/e8/46/52fc0d2a68d7643f0f149eeea5a5d8ea2a3507056ac8afa83c9212606e8b/numpy-2.5.0-cp314-cp314t-win32.whl", hash = "sha256:edadfbd4794b1086c0d822f81863e8a68fc129d132fd0bb9e31e955d7fbbbdb7", size = 6253168, upload-time = "2026-06-21T20:57:45.101Z" },
    { url = "https://files.pythonhosted.org/packages/2a/be/6c8d1118b5f13b2881dc095d5b345de19c6638b8959c17409b6eff84c8aa/numpy-2.5.0-cp314-cp314t-win_amd64.whl", hash = "sha256:f7e5fa4382967ae6548bd2f174219afb908e294b0d5f625af01166edd5f7d9aa", size = 12736286, upload-time = "2026-06-21T20:57:46.935Z" },
    { url = "https://files.pythonhosted.org/packages/fd/6a/d3a169aaf8536cf228d56a09e04bcb713a2fe4410d4e2105b9419b5a9c89/numpy-2.5.0-cp314-cp314t-win_arm64.whl", hash = "sha256:016623417bb330d719d579daf2d6b9a01ddc52e41a9ed61a47f39fde46dcd865", size = 10686451, upload-time = "2026-06-21T20:57:49.313Z" },
]

[[package]]
name = "onnx"
version = "1.17.0"
source = { registry = "https://pypi.org/simple" }
dependencies = [
    { name = "numpy" },
    { name = "protobuf" },
]
sdist = { url = "https://files.pythonhosted.org/packages/9a/54/0e385c26bf230d223810a9c7d06628d954008a5e5e4b73ee26ef02327282/onnx-1.17.0.tar.gz", hash = "sha256:48ca1a91ff73c1d5e3ea2eef20ae5d0e709bb8a2355ed798ffc2169753013fd3", size = 12165120, upload-time = "2024-10-01T21:48:40.63Z" }
wheels = [
    { url = "https://files.pythonhosted.org/packages/b4/dd/c416a11a28847fafb0db1bf43381979a0f522eb9107b831058fde012dd56/onnx-1.17.0-cp312-cp312-macosx_12_0_universal2.whl", hash = "sha256:0e906e6a83437de05f8139ea7eaf366bf287f44ae5cc44b2850a30e296421f2f", size = 16651271, upload-time = "2024-10-01T21:46:16.084Z" },
    { url = "https://files.pythonhosted.org/packages/f0/6c/f040652277f514ecd81b7251841f96caa5538365af7df07f86c6018cda2b/onnx-1.17.0-cp312-cp312-manylinux_2_17_aarch64.manylinux2014_aarch64.whl", hash = "sha256:3d955ba2939878a520a97614bcf2e79c1df71b29203e8ced478fa78c9a9c63c2", size = 15907522, upload-time = "2024-10-01T21:46:18.574Z" },
    { url = "https://files.pythonhosted.org/packages/3d/7c/67f4952d1b56b3f74a154b97d0dd0630d525923b354db117d04823b8b49b/onnx-1.17.0-cp312-cp312-manylinux_2_17_x86_64.manylinux2014_x86_64.whl", hash = "sha256:4f3fb5cc4e2898ac5312a7dc03a65133dd2abf9a5e520e69afb880a7251ec97a", size = 16046307, upload-time = "2024-10-01T21:46:21.186Z" },
    { url = "https://files.pythonhosted.org/packages/ae/20/6da11042d2ab870dfb4ce4a6b52354d7651b6b4112038b6d2229ab9904c4/onnx-1.17.0-cp312-cp312-win32.whl", hash = "sha256:317870fca3349d19325a4b7d1b5628f6de3811e9710b1e3665c68b073d0e68d7", size = 14424235, upload-time = "2024-10-01T21:46:24.343Z" },
    { url = "https://files.pythonhosted.org/packages/35/55/c4d11bee1fdb0c4bd84b4e3562ff811a19b63266816870ae1f95567aa6e1/onnx-1.17.0-cp312-cp312-win_amd64.whl", hash = "sha256:659b8232d627a5460d74fd3c96947ae83db6d03f035ac633e20cd69cfa029227", size = 14530453, upload-time = "2024-10-01T21:46:26.981Z" },
]

[[package]]
name = "onnxruntime"
version = "1.20.1"
source = { registry = "https://pypi.org/simple" }
dependencies = [
    { name = "coloredlogs" },
    { name = "flatbuffers" },
    { name = "numpy" },
    { name = "packaging" },
    { name = "protobuf" },
    { name = "sympy" },
]
wheels = [
    { url = "https://files.pythonhosted.org/packages/e5/39/9335e0874f68f7d27103cbffc0e235e32e26759202df6085716375c078bb/onnxruntime-1.20.1-cp312-cp312-macosx_13_0_universal2.whl", hash = "sha256:22b0655e2bf4f2161d52706e31f517a0e54939dc393e92577df51808a7edc8c9", size = 31007580, upload-time = "2024-11-21T00:49:07.029Z" },
    { url = "https://files.pythonhosted.org/packages/c5/9d/a42a84e10f1744dd27c6f2f9280cc3fb98f869dd19b7cd042e391ee2ab61/onnxruntime-1.20.1-cp312-cp312-manylinux_2_27_aarch64.manylinux_2_28_aarch64.whl", hash = "sha256:f1f56e898815963d6dc4ee1c35fc6c36506466eff6d16f3cb9848cea4e8c8172", size = 11952833, upload-time = "2024-11-21T00:49:10.563Z" },
    { url = "https://files.pythonhosted.org/packages/47/42/2f71f5680834688a9c81becbe5c5bb996fd33eaed5c66ae0606c3b1d6a02/onnxruntime-1.20.1-cp312-cp312-manylinux_2_27_x86_64.manylinux_2_28_x86_64.whl", hash = "sha256:bb71a814f66517a65628c9e4a2bb530a6edd2cd5d87ffa0af0f6f773a027d99e", size = 13333903, upload-time = "2024-11-21T00:49:12.984Z" },
    { url = "https://files.pythonhosted.org/packages/c8/f1/aabfdf91d013320aa2fc46cf43c88ca0182860ff15df872b4552254a9680/onnxruntime-1.20.1-cp312-cp312-win32.whl", hash = "sha256:bd386cc9ee5f686ee8a75ba74037750aca55183085bf1941da8efcfe12d5b120", size = 9814562, upload-time = "2024-11-21T00:49:15.453Z" },
    { url = "https://files.pythonhosted.org/packages/dd/80/76979e0b744307d488c79e41051117634b956612cc731f1028eb17ee7294/onnxruntime-1.20.1-cp312-cp312-win_amd64.whl", hash = "sha256:19c2d843eb074f385e8bbb753a40df780511061a63f9def1b216bf53860223fb", size = 11331482, upload-time = "2024-11-21T00:49:19.412Z" },
    { url = "https://files.pythonhosted.org/packages/f7/71/c5d980ac4189589267a06f758bd6c5667d07e55656bed6c6c0580733ad07/onnxruntime-1.20.1-cp313-cp313-macosx_13_0_universal2.whl", hash = "sha256:cc01437a32d0042b606f462245c8bbae269e5442797f6213e36ce61d5abdd8cc", size = 31007574, upload-time = "2024-11-21T00:49:23.225Z" },
    { url = "https://files.pythonhosted.org/packages/81/0d/13bbd9489be2a6944f4a940084bfe388f1100472f38c07080a46fbd4ab96/onnxruntime-1.20.1-cp313-cp313-manylinux_2_27_aarch64.manylinux_2_28_aarch64.whl", hash = "sha256:fb44b08e017a648924dbe91b82d89b0c105b1adcfe31e90d1dc06b8677ad37be", size = 11951459, upload-time = "2024-11-21T00:49:26.269Z" },
    { url = "https://files.pythonhosted.org/packages/c0/ea/4454ae122874fd52bbb8a961262de81c5f932edeb1b72217f594c700d6ef/onnxruntime-1.20.1-cp313-cp313-manylinux_2_27_x86_64.manylinux_2_28_x86_64.whl", hash = "sha256:bda6aebdf7917c1d811f21d41633df00c58aff2bef2f598f69289c1f1dabc4b3", size = 13331620, upload-time = "2024-11-21T00:49:28.875Z" },
    { url = "https://files.pythonhosted.org/packages/d8/e0/50db43188ca1c945decaa8fc2a024c33446d31afed40149897d4f9de505f/onnxruntime-1.20.1-cp313-cp313-win_amd64.whl", hash = "sha256:d30367df7e70f1d9fc5a6a68106f5961686d39b54d3221f760085524e8d38e16", size = 11331758, upload-time = "2024-11-21T00:49:31.417Z" },
    { url = "https://files.pythonhosted.org/packages/d8/55/3821c5fd60b52a6c82a00bba18531793c93c4addfe64fbf061e235c5617a/onnxruntime-1.20.1-cp313-cp313t-manylinux_2_27_aarch64.manylinux_2_28_aarch64.whl", hash = "sha256:c9158465745423b2b5d97ed25aa7740c7d38d2993ee2e5c3bfacb0c4145c49d8", size = 11950342, upload-time = "2024-11-21T00:49:34.164Z" },
    { url = "https://files.pythonhosted.org/packages/14/56/fd990ca222cef4f9f4a9400567b9a15b220dee2eafffb16b2adbc55c8281/onnxruntime-1.20.1-cp313-cp313t-manylinux_2_27_x86_64.manylinux_2_28_x86_64.whl", hash = "sha256:0df6f2df83d61f46e842dbcde610ede27218947c33e994545a22333491e72a3b", size = 13337040, upload-time = "2024-11-21T00:49:37.271Z" },
]

[[package]]
name = "packaging"
version = "26.2"
source = { registry = "https://pypi.org/simple" }
sdist = { url = "https://files.pythonhosted.org/packages/d7/f1/e7a6dd94a8d4a5626c03e4e99c87f241ba9e350cd9e6d75123f992427270/packaging-26.2.tar.gz", hash = "sha256:ff452ff5a3e828ce110190feff1178bb1f2ea2281fa2075aadb987c2fb221661", size = 228134, upload-time = "2026-04-24T20:15:23.917Z" }
wheels = [
    { url = "https://files.pythonhosted.org/packages/df/b2/87e62e8c3e2f4b32e5fe99e0b86d576da1312593b39f47d8ceef365e95ed/packaging-26.2-py3-none-any.whl", hash = "sha256:5fc45236b9446107ff2415ce77c807cee2862cb6fac22b8a73826d0693b0980e", size = 100195, upload-time = "2026-04-24T20:15:22.081Z" },
]

[[package]]
name = "pluggy"
version = "1.6.0"
source = { registry = "https://pypi.org/simple" }
sdist = { url = "https://files.pythonhosted.org/packages/f9/e2/3e91f31a7d2b083fe6ef3fa267035b518369d9511ffab804f839851d2779/pluggy-1.6.0.tar.gz", hash = "sha256:7dcc130b76258d33b90f61b658791dede3486c3e6bfb003ee5c9bfb396dd22f3", size = 69412, upload-time = "2025-05-15T12:30:07.975Z" }
wheels = [
    { url = "https://files.pythonhosted.org/packages/54/20/4d324d65cc6d9205fabedc306948156824eb9f0ee1633355a8f7ec5c66bf/pluggy-1.6.0-py3-none-any.whl", hash = "sha256:e920276dd6813095e9377c0bc5566d94c932c33b27a3e3945d8389c374dd4746", size = 20538, upload-time = "2025-05-15T12:30:06.134Z" },
]

[[package]]
name = "protobuf"
version = "7.35.1"
source = { registry = "https://pypi.org/simple" }
sdist = { url = "https://files.pythonhosted.org/packages/da/01/9ef0afd7999eb9badb3a768b4aedd78c86d4c65cfaf1958ab276199e76b4/protobuf-7.35.1.tar.gz", hash = "sha256:ce115a26fe0c39a2c29973d914d327e516a6455464489fe3cd1e51a1b354f81a", size = 458717, upload-time = "2026-06-11T21:55:40.257Z" }
wheels = [
    { url = "https://files.pythonhosted.org/packages/10/03/8aeeb7458d22546bf64b5250ca1daeb5ff757d900e8e4a7476c6f0db843e/protobuf-7.35.1-cp310-abi3-macosx_10_9_universal2.whl", hash = "sha256:24f857477359a85c0c235261b8ba905fd51b2562f4a64ca1df5473f29850cbf6", size = 433226, upload-time = "2026-06-11T21:55:31.719Z" },
    { url = "https://files.pythonhosted.org/packages/37/4b/dfb89eb0e652a1ff073c39a59fb5e3a83cfe9b57a2c83fa6d78270101767/protobuf-7.35.1-cp310-abi3-manylinux2014_aarch64.whl", hash = "sha256:11d6b0ec246892d85215b0a13ca6e0233cf5284b68f0ac02646427f4ff88a799", size = 328847, upload-time = "2026-06-11T21:55:34.035Z" },
    { url = "https://files.pythonhosted.org/packages/0f/58/dc12f2cd484951524af6e3382c785869b9b3fb5e52ee95ae23add53ee8f9/protobuf-7.35.1-cp310-abi3-manylinux2014_s390x.whl", hash = "sha256:b73f9489a4b8b1c9cb1f8ed951c736392592edb24b9d6819f36d2e10b171d5b4", size = 344030, upload-time = "2026-06-11T21:55:34.941Z" },
    { url = "https://files.pythonhosted.org/packages/e4/be/5b3cfe508bfab6761414ff944e3366eb13be4fd71efcd69450f89ba39f43/protobuf-7.35.1-cp310-abi3-manylinux2014_x86_64.whl", hash = "sha256:74758715c53d7158fb76caf4f0cfdacc5329a4b1bb994f865d6cf302d413a1c4", size = 327130, upload-time = "2026-06-11T21:55:35.921Z" },
    { url = "https://files.pythonhosted.org/packages/d8/bc/6d6c7ba8709c85f8f2c390b2b118d6fb08a783676a572271851bf45a7d22/protobuf-7.35.1-cp310-abi3-win32.whl", hash = "sha256:353652e4efd0bca5b5fc2656abf8307ef351f0cf938c9eba09f0e09c20a25c30", size = 428945, upload-time = "2026-06-11T21:55:37.034Z" },
    { url = "https://files.pythonhosted.org/packages/0a/19/8d0cb6f20a1ef7b18f1c8986ad5783f22f84cce39c6ce9a6e645ea55192e/protobuf-7.35.1-cp310-abi3-win_amd64.whl", hash = "sha256:230a75ddfc2de4806e56696ce9640c1cdfdb6543b7cfce98d42a4c0a0e7bdb87", size = 439996, upload-time = "2026-06-11T21:55:38.123Z" },
    { url = "https://files.pythonhosted.org/packages/19/c7/5f7c636ec43e0c545e28d1f1db71990108306f7bdcb89f069ba97e428e7f/protobuf-7.35.1-py3-none-any.whl", hash = "sha256:4bc97768d8fe4ad6743c8a19403e314511ed9f6d13205b687e52421c023ac1b9", size = 171659, upload-time = "2026-06-11T21:55:39.155Z" },
]

[[package]]
name = "pygments"
version = "2.20.0"
source = { registry = "https://pypi.org/simple" }
sdist = { url = "https://files.pythonhosted.org/packages/c3/b2/bc9c9196916376152d655522fdcebac55e66de6603a76a02bca1b6414f6c/pygments-2.20.0.tar.gz", hash = "sha256:6757cd03768053ff99f3039c1a36d6c0aa0b263438fcab17520b30a303a82b5f", size = 4955991, upload-time = "2026-03-29T13:29:33.898Z" }
wheels = [
    { url = "https://files.pythonhosted.org/packages/f4/7e/a72dd26f3b0f4f2bf1dd8923c85f7ceb43172af56d63c7383eb62b332364/pygments-2.20.0-py3-none-any.whl", hash = "sha256:81a9e26dd42fd28a23a2d169d86d7ac03b46e2f8b59ed4698fb4785f946d0176", size = 1231151, upload-time = "2026-03-29T13:29:30.038Z" },
]

[[package]]
name = "pyreadline3"
version = "3.5.6"
source = { registry = "https://pypi.org/simple" }
sdist = { url = "https://files.pythonhosted.org/packages/b6/6d/f94028646d7bbe6d9d873c47ee7c246f2d29129d253f0d96cb6fcab70733/pyreadline3-3.5.6.tar.gz", hash = "sha256:61e53218b99656091ddb077df9e71f25850e72e030b6183b39c9b7e6e4f4a9bf", size = 100368, upload-time = "2026-05-14T17:55:04.471Z" }
wheels = [
    { url = "https://files.pythonhosted.org/packages/f7/5e/35c856e186b74678c24927847ad9895a51f1bc02a0c6126477a6c6040064/pyreadline3-3.5.6-py3-none-any.whl", hash = "sha256:8449b734232e42a5dcd74048e39b60db2839a4c38cf3ae2bf7707d58b5389c0d", size = 85243, upload-time = "2026-05-14T17:55:03.262Z" },
]

[[package]]
name = "pytest"
version = "9.1.1"
source = { registry = "https://pypi.org/simple" }
dependencies = [
    { name = "colorama", marker = "sys_platform == 'win32'" },
    { name = "iniconfig" },
    { name = "packaging" },
    { name = "pluggy" },
    { name = "pygments" },
]
sdist = { url = "https://files.pythonhosted.org/packages/e4/47/b9efed96c114afcfa3c9d3fe98a76a1d14c74a9e266d397cf6eb64be5e01/pytest-9.1.1.tar.gz", hash = "sha256:1088fbde8f2b49d95a549a195707afa7a76a3ce9bcadc26b6d71f0ffda5fe313", size = 1636369, upload-time = "2026-06-19T10:58:32.857Z" }
wheels = [
    { url = "https://files.pythonhosted.org/packages/24/25/1de2678b631f5a49215c6c96fff41ba892b0a34df68d6d80292b1b48aa7f/pytest-9.1.1-py3-none-any.whl", hash = "sha256:37a86b45efb9a47a61a36449063e8e18d0cab3161329fc099eb21783169c4f0c", size = 386536, upload-time = "2026-06-19T10:58:31.347Z" },
]

[[package]]
name = "ruff"
version = "0.15.20"
source = { registry = "https://pypi.org/simple" }
sdist = { url = "https://files.pythonhosted.org/packages/43/dc/35b341fc554ba02f217fc10da57d1a75168cfbcf75b0ef2202176d4c4f2d/ruff-0.15.20.tar.gz", hash = "sha256:1416eb04349192646b54de98f146c4f59afe37d0decfc02c3cbbf396f3a28566", size = 4755489, upload-time = "2026-06-25T17:20:37.578Z" }
wheels = [
    { url = "https://files.pythonhosted.org/packages/94/d9/2d5014f0253ba541d2061d9fa7193f48e941c8b21bb88a7ff9bbe0bd0596/ruff-0.15.20-py3-none-linux_armv6l.whl", hash = "sha256:00e188c53e499c3c1637f73c91dcf2fb56d576cab76ce1be50a27c4e80e37078", size = 10839665, upload-time = "2026-06-25T17:19:44.702Z" },
    { url = "https://files.pythonhosted.org/packages/c6/d3/ac1798ba64f670698867fcfc591d50e7e421bef137db564858f619a30fcf/ruff-0.15.20-py3-none-macosx_10_12_x86_64.whl", hash = "sha256:9ebd1fd9b9c95fc0bd7b2761aebec1f030013d2e193a2901b224af68fe47251b", size = 11208649, upload-time = "2026-06-25T17:19:48.787Z" },
    { url = "https://files.pythonhosted.org/packages/47/47/d3ac899991202095dfcf3d5176be4272642be3cf981a2f1a30f72a2afb95/ruff-0.15.20-py3-none-macosx_11_0_arm64.whl", hash = "sha256:c5b16cdd67ca108185cd36dce98c576350c03b1660a751de725fb049193a0632", size = 10622638, upload-time = "2026-06-25T17:19:51.354Z" },
    { url = "https://files.pythonhosted.org/packages/33/13/4e043fe30aa94d4ff5213a9881fc296d12960f5971b234a5263fdc225312/ruff-0.15.20-py3-none-manylinux_2_17_aarch64.manylinux2014_aarch64.whl", hash = "sha256:3413bb3c3d2ca6a8208f1f4809cd2dca3c6de6d0b491c0e70847672bde6e6efd", size = 10984227, upload-time = "2026-06-25T17:19:54.044Z" },
    { url = "https://files.pythonhosted.org/packages/76/e6/92e7bf40388bc5800073b96564f56264f7e48bfd1a498f5ced6ae6d5a769/ruff-0.15.20-py3-none-manylinux_2_17_armv7l.manylinux2014_armv7l.whl", hash = "sha256:bd7ec42b3bb3da066488db093308a69c4ac5ee6d2af333a86ba6e2eb2e7dd44b", size = 10622882, upload-time = "2026-06-25T17:19:57.037Z" },
    { url = "https://files.pythonhosted.org/packages/13/7a/43460be3f24495a3aa46d4b16873e2c4941b3b5f0b00cf88c03b7b94b339/ruff-0.15.20-py3-none-manylinux_2_17_i686.manylinux2014_i686.whl", hash = "sha256:e1a36ad0eb77fba9aabfb69ede54de6f376d04ac18ebea022847046d340a8267", size = 11474808, upload-time = "2026-06-25T17:20:00.357Z" },
    { url = "https://files.pythonhosted.org/packages/27/a0/f37077884873221c6b33b4ab49eb18f9f88e54a16a25a5bca59bef46dd66/ruff-0.15.20-py3-none-manylinux_2_17_ppc64le.manylinux2014_ppc64le.whl", hash = "sha256:b6df3b1e4610432f0386dba04d853b5f08cbbc903410c6fcc02f620f05aff53c", size = 12293094, upload-time = "2026-06-25T17:20:03.446Z" },
    { url = "https://files.pythonhosted.org/packages/a6/74/165545b60256a9704c21ac0ec4a0d07933b320812f9584836c9f4aca4292/ruff-0.15.20-py3-none-manylinux_2_17_s390x.manylinux2014_s390x.whl", hash = "sha256:e89f198a1ea6ef0d727c1cf16088bc91a6cb0ab947dedc966715691647186eae", size = 11526176, upload-time = "2026-06-25T17:20:06.301Z" },
    { url = "https://files.pythonhosted.org/packages/86/b1/a976a136d40ade83ce743578399865f57001003a409acadc0ecbb3051082/ruff-0.15.20-py3-none-manylinux_2_17_x86_64.manylinux2014_x86_64.whl", hash = "sha256:309809086c2acb67624950a3c8133e80f32d0d3e27106c0cd60ff26657c9f24b", size = 11520767, upload-time = "2026-06-25T17:20:09.191Z" },
    { url = "https://files.pythonhosted.org/packages/19/0f/f032696cb01c9b54c0263fa393474d7758f1cdc021a01b04e3cbc2500999/ruff-0.15.20-py3-none-manylinux_2_31_riscv64.whl", hash = "sha256:2d2374caa2f2c2f9e2b7da0a50802cfb8b79f55a9b5e49379f564544fbf56487", size = 11500132, upload-time = "2026-06-25T17:20:13.602Z" },
    { url = "https://files.pythonhosted.org/packages/4b/f4/51b1a14bc69e8c224b15dab9cce8e99b425e0455d462caa2b3c9be2b6a8e/ruff-0.15.20-py3-none-musllinux_1_2_aarch64.whl", hash = "sha256:a1ed17b65293e0c2f22fc387bc13198a5de94bf4429589b0ff6946b0feaf21a3", size = 10943828, upload-time = "2026-06-25T17:20:16.635Z" },
    { url = "https://files.pythonhosted.org/packages/71/4b/fe267640783cd02bf6c5cc290b1df1051be2ec294c678b5c15fe19e52343/ruff-0.15.20-py3-none-musllinux_1_2_armv7l.whl", hash = "sha256:f701305e66b38ea6c91882490eb73459796808e4c6362a1b765255e0cdcd4053", size = 10645418, upload-time = "2026-06-25T17:20:19.4Z" },
    { url = "https://files.pythonhosted.org/packages/b0/c0/a65aa4ec2f5e87a1df32dc3ec1fede434fe3dfd5cbcf3b503cafc676ab54/ruff-0.15.20-py3-none-musllinux_1_2_i686.whl", hash = "sha256:5b9c0c367ad8e5d0d5b5b8537864c469a0a0e55417aadfbeca41fa61333be9f4", size = 11211770, upload-time = "2026-06-25T17:20:22.033Z" },
    { url = "https://files.pythonhosted.org/packages/5a/a4/0caa331d954ae2723d729d351c989cb4ca8b6077d5c6c2cb6de75e98c041/ruff-0.15.20-py3-none-musllinux_1_2_x86_64.whl", hash = "sha256:01cc00dd58f0df339d0e902219dd53990ea99996a0344e5d9cc8d45d5307e460", size = 11618698, upload-time = "2026-06-25T17:20:25.259Z" },
    { url = "https://files.pythonhosted.org/packages/10/9b/5f14927848d2fd4aa891fd88d883788c5a7baba561c7874732364045708c/ruff-0.15.20-py3-none-win32.whl", hash = "sha256:ed65ef510e43a137207e0f01cfcf998aeddb1aeeda5c9d35023e910284d7cf21", size = 10857322, upload-time = "2026-06-25T17:20:28.612Z" },
    { url = "https://files.pythonhosted.org/packages/fa/f0/fe47c501f9dea92a26d788ff98bb5d92ed4cb4c88792c5c88af6b697dc8e/ruff-0.15.20-py3-none-win_amd64.whl", hash = "sha256:a525c81c70fb0380344dd1d8745d8cc1c890b7fc94a58d5a07bd8eb9557b8415", size = 11993274, upload-time = "2026-06-25T17:20:31.871Z" },
    { url = "https://files.pythonhosted.org/packages/d7/2b/9555445e1201d92b3195f45cdb153a0b68f24e0a4273f6e3d5ab46e212bb/ruff-0.15.20-py3-none-win_arm64.whl", hash = "sha256:2f5b2a6d614e8700388806a14996c40fab2c47b819ef57d790a34878858ed9ca", size = 11343498, upload-time = "2026-06-25T17:20:35.03Z" },
]

[[package]]
name = "sympy"
version = "1.14.0"
source = { registry = "https://pypi.org/simple" }
dependencies = [
    { name = "mpmath" },
]
sdist = { url = "https://files.pythonhosted.org/packages/83/d3/803453b36afefb7c2bb238361cd4ae6125a569b4db67cd9e79846ba2d68c/sympy-1.14.0.tar.gz", hash = "sha256:d3d3fe8df1e5a0b42f0e7bdf50541697dbe7d23746e894990c030e2b05e72517", size = 7793921, upload-time = "2025-04-27T18:05:01.611Z" }
wheels = [
    { url = "https://files.pythonhosted.org/packages/a2/09/77d55d46fd61b4a135c444fc97158ef34a095e5681d0a6c10b75bf356191/sympy-1.14.0-py3-none-any.whl", hash = "sha256:e091cc3e99d2141a0ba2847328f5479b05d94a6635cb96148ccb3f34671bd8f5", size = 6299353, upload-time = "2025-04-27T18:04:59.103Z" },
]
